
Microsoft Visual Studio Solution File, Format Version 12.00
# Visual Studio Version 16
VisualStudioVersion = 16.0.29519.181
MinimumVisualStudioVersion = 10.0.40219.1
Project("{FAE04EC0-301F-11D3-BF4B-00C04F79EFBC}") = "ConsoleApp1", "ConsoleApp1\ConsoleApp1.csproj", "{6BFB3EF7-0C80-4B0C-8A20-00DF9E32B661}"
EndProject
Global
	GlobalSection(SolutionConfigurationPlatforms) = preSolution
		Debug|Any CPU = Debug|Any CPU
		Release|Any CPU = Release|Any CPU
	EndGlobalSection
	GlobalSection(ProjectConfigurationPlatforms) = postSolution
		{6BFB3EF7-0C80-4B0C-8A20-00DF9E32B661}.Debug|Any CPU.ActiveCfg = Debug|Any CPU
		{6BFB3EF7-0C80-4B0C-8A20-00DF9E32B661}.Debug|Any CPU.Build.0 = Debug|Any CPU
		{6BFB3EF7-0C80-4B0C-8A20-00DF9E32B661}.Release|Any CPU.ActiveCfg = Release|Any CPU
		{6BFB3EF7-0C80-4B0C-8A20-00DF9E32B661}.Release|Any CPU.Build.0 = Release|Any CPU
	EndGlobalSection
	GlobalSection(SolutionProperties) = preSolution
		HideSolutionNode = FALSE
	EndGlobalSection
	GlobalSection(ExtensibilityGlobals) = postSolution
		SolutionGuid = {18B8ADAF-15FB-4ACD-AEB2-242F604C02AF}
	EndGlobalSection
EndGlobal
